
Microsoft Visual Studio Solution File, Format Version 11.00
# Visual Studio 2010
Project("{2150E333-8FDC-42A3-9474-1A3956D46DE8}") = "Modules", "Modules", "{6ACFEB80-DBD8-4835-B62C-497845D68E88}"
EndProject
Project("{2150E333-8FDC-42A3-9474-1A3956D46DE8}") = "Misc", "Misc", "{E4BA74A5-3359-43B6-A58E-32AD65A63B37}"
	ProjectSection(SolutionItems) = preProject
		Document Types.txt = Document Types.txt
		TODO.txt = TODO.txt
	EndProjectSection
EndProject
Project("{2150E333-8FDC-42A3-9474-1A3956D46DE8}") = "Build, Package and misc Utilities", "Build, Package and misc Utilities", "{04919D26-FA89-4D79-80D0-65FB05FB859E}"
EndProject
Project("{2150E333-8FDC-42A3-9474-1A3956D46DE8}") = "Under development", "Under development", "{8522C6FE-1A1E-4CD6-8304-FB229BB2B67D}"
EndProject
Project("{FAE04EC0-301F-11D3-BF4B-00C04F79EFBC}") = "Upac.Core", "Upac.Core\Upac.Core.csproj", "{A7EDAAD2-9C6C-49F2-A563-5E45413F4463}"
EndProject
Project("{FAE04EC0-301F-11D3-BF4B-00C04F79EFBC}") = "Upac.Trac", "Upac.Trac\Upac.Trac.csproj", "{8E8351A8-BAE5-4A70-8AA4-6508CA5EB250}"
EndProject
Project("{FAE04EC0-301F-11D3-BF4B-00C04F79EFBC}") = "Upac.Tests", "Upac.Tests\Upac.Tests.csproj", "{E4B5D8F4-BB3F-4A7A-BCC8-4E983D222F5D}"
EndProject
Project("{FAE04EC0-301F-11D3-BF4B-00C04F79EFBC}") = "Upac.AddFilesToUmbracoPackage", "Upac.AddFilesToUmbracoPackage\Upac.AddFilesToUmbracoPackage.csproj", "{E6851928-DD55-4FEE-9F22-F7C23F8C2CCA}"
EndProject
Project("{FAE04EC0-301F-11D3-BF4B-00C04F79EFBC}") = "Upac.WebsiteAdmin", "Upac.WebsiteAdmin\Upac.WebsiteAdmin.csproj", "{F749C1D4-8906-4284-BD78-D2B2F5A405D9}"
EndProject
Project("{FAE04EC0-301F-11D3-BF4B-00C04F79EFBC}") = "Upac.Build", "..\build\Upac.Build.csproj", "{98BB7E33-907F-40DB-9C7A-B1292EB92B9B}"
EndProject
Project("{FAE04EC0-301F-11D3-BF4B-00C04F79EFBC}") = "Upac.NantTasks", "Upac.NantTasks\Upac.NantTasks.csproj", "{47F214FB-1B85-41AC-93DB-968FA26B7590}"
EndProject
Project("{FAE04EC0-301F-11D3-BF4B-00C04F79EFBC}") = "Upac.ConsoleUtilities.FixDocumentIds", "Upac.ConsoleUtilities.FixDocumentIds\Upac.ConsoleUtilities.FixDocumentIds.csproj", "{02EE99E2-67BE-4C43-BB61-C11A736991BF}"
EndProject
Project("{FAE04EC0-301F-11D3-BF4B-00C04F79EFBC}") = "Upac.Membership", "Upac.Membership\Upac.Membership.csproj", "{76D9A482-69EF-4F1B-9570-28B2EAB72524}"
EndProject
Project("{FAE04EC0-301F-11D3-BF4B-00C04F79EFBC}") = "Upac.Providers", "Upac.Providers\Upac.Providers.csproj", "{B82619B4-252D-4B16-B158-6AACF664AAAB}"
EndProject
Project("{FAE04EC0-301F-11D3-BF4B-00C04F79EFBC}") = "Upac.Configuration", "Upac.Configuration\Upac.Configuration.csproj", "{80979C0F-6C6B-49D2-8FE7-DDE906E64403}"
EndProject
Project("{FAE04EC0-301F-11D3-BF4B-00C04F79EFBC}") = "Upac.GoogleSiteSearch", "Upac.GoogleSiteSearch\Upac.GoogleSiteSearch.csproj", "{13B642A2-4EEE-4030-BDEF-A76491C53845}"
EndProject
Project("{FAE04EC0-301F-11D3-BF4B-00C04F79EFBC}") = "Upac.Foundation", "Upac.Foundation\Upac.Foundation.csproj", "{B578FA5C-B86F-427D-8583-A90DB18B4A7E}"
EndProject
Project("{FAE04EC0-301F-11D3-BF4B-00C04F79EFBC}") = "Upac.Events", "Upac.Events\Upac.Events.csproj", "{944D5A94-65B6-4311-B99B-580FD143057F}"
EndProject
Project("{FAE04EC0-301F-11D3-BF4B-00C04F79EFBC}") = "Upac.Syndication", "Upac.Syndication\Upac.Syndication.csproj", "{AEFB2DE0-7438-42CF-B299-10CBA9C776B6}"
EndProject
Project("{FAE04EC0-301F-11D3-BF4B-00C04F79EFBC}") = "Upac.CampaignMonitor", "Upac.CampaignMonitor\Upac.CampaignMonitor.csproj", "{35FA0D5C-C277-4AA4-BACD-06520F940DC7}"
EndProject
Project("{FAE04EC0-301F-11D3-BF4B-00C04F79EFBC}") = "Upac.ContourExtensions", "Upac.ContourExtensions\Upac.ContourExtensions.csproj", "{136BF9C2-8288-4831-AD2C-ABCB3943EC68}"
EndProject
Project("{FAE04EC0-301F-11D3-BF4B-00C04F79EFBC}") = "Upac.Dashboards", "Upac.Dashboards\Upac.Dashboards.csproj", "{C480A53C-866E-4D83-B98A-F6538C0EA0D0}"
EndProject
Global
	GlobalSection(SolutionConfigurationPlatforms) = preSolution
		Debug|Any CPU = Debug|Any CPU
		Release|Any CPU = Release|Any CPU
	EndGlobalSection
	GlobalSection(ProjectConfigurationPlatforms) = postSolution
		{A7EDAAD2-9C6C-49F2-A563-5E45413F4463}.Debug|Any CPU.ActiveCfg = Debug|Any CPU
		{A7EDAAD2-9C6C-49F2-A563-5E45413F4463}.Debug|Any CPU.Build.0 = Debug|Any CPU
		{A7EDAAD2-9C6C-49F2-A563-5E45413F4463}.Release|Any CPU.ActiveCfg = Release|Any CPU
		{A7EDAAD2-9C6C-49F2-A563-5E45413F4463}.Release|Any CPU.Build.0 = Release|Any CPU
		{8E8351A8-BAE5-4A70-8AA4-6508CA5EB250}.Debug|Any CPU.ActiveCfg = Debug|Any CPU
		{8E8351A8-BAE5-4A70-8AA4-6508CA5EB250}.Debug|Any CPU.Build.0 = Debug|Any CPU
		{8E8351A8-BAE5-4A70-8AA4-6508CA5EB250}.Release|Any CPU.ActiveCfg = Release|Any CPU
		{8E8351A8-BAE5-4A70-8AA4-6508CA5EB250}.Release|Any CPU.Build.0 = Release|Any CPU
		{E4B5D8F4-BB3F-4A7A-BCC8-4E983D222F5D}.Debug|Any CPU.ActiveCfg = Debug|Any CPU
		{E4B5D8F4-BB3F-4A7A-BCC8-4E983D222F5D}.Debug|Any CPU.Build.0 = Debug|Any CPU
		{E4B5D8F4-BB3F-4A7A-BCC8-4E983D222F5D}.Release|Any CPU.ActiveCfg = Release|Any CPU
		{E4B5D8F4-BB3F-4A7A-BCC8-4E983D222F5D}.Release|Any CPU.Build.0 = Release|Any CPU
		{E6851928-DD55-4FEE-9F22-F7C23F8C2CCA}.Debug|Any CPU.ActiveCfg = Debug|Any CPU
		{E6851928-DD55-4FEE-9F22-F7C23F8C2CCA}.Debug|Any CPU.Build.0 = Debug|Any CPU
		{E6851928-DD55-4FEE-9F22-F7C23F8C2CCA}.Release|Any CPU.ActiveCfg = Release|Any CPU
		{E6851928-DD55-4FEE-9F22-F7C23F8C2CCA}.Release|Any CPU.Build.0 = Release|Any CPU
		{F749C1D4-8906-4284-BD78-D2B2F5A405D9}.Debug|Any CPU.ActiveCfg = Debug|Any CPU
		{F749C1D4-8906-4284-BD78-D2B2F5A405D9}.Debug|Any CPU.Build.0 = Debug|Any CPU
		{F749C1D4-8906-4284-BD78-D2B2F5A405D9}.Release|Any CPU.ActiveCfg = Release|Any CPU
		{F749C1D4-8906-4284-BD78-D2B2F5A405D9}.Release|Any CPU.Build.0 = Release|Any CPU
		{98BB7E33-907F-40DB-9C7A-B1292EB92B9B}.Debug|Any CPU.ActiveCfg = Debug|Any CPU
		{98BB7E33-907F-40DB-9C7A-B1292EB92B9B}.Debug|Any CPU.Build.0 = Debug|Any CPU
		{98BB7E33-907F-40DB-9C7A-B1292EB92B9B}.Release|Any CPU.ActiveCfg = Release|Any CPU
		{98BB7E33-907F-40DB-9C7A-B1292EB92B9B}.Release|Any CPU.Build.0 = Release|Any CPU
		{47F214FB-1B85-41AC-93DB-968FA26B7590}.Debug|Any CPU.ActiveCfg = Debug|Any CPU
		{47F214FB-1B85-41AC-93DB-968FA26B7590}.Debug|Any CPU.Build.0 = Debug|Any CPU
		{47F214FB-1B85-41AC-93DB-968FA26B7590}.Release|Any CPU.ActiveCfg = Release|Any CPU
		{47F214FB-1B85-41AC-93DB-968FA26B7590}.Release|Any CPU.Build.0 = Release|Any CPU
		{02EE99E2-67BE-4C43-BB61-C11A736991BF}.Debug|Any CPU.ActiveCfg = Debug|Any CPU
		{02EE99E2-67BE-4C43-BB61-C11A736991BF}.Debug|Any CPU.Build.0 = Debug|Any CPU
		{02EE99E2-67BE-4C43-BB61-C11A736991BF}.Release|Any CPU.ActiveCfg = Release|Any CPU
		{02EE99E2-67BE-4C43-BB61-C11A736991BF}.Release|Any CPU.Build.0 = Release|Any CPU
		{76D9A482-69EF-4F1B-9570-28B2EAB72524}.Debug|Any CPU.ActiveCfg = Debug|Any CPU
		{76D9A482-69EF-4F1B-9570-28B2EAB72524}.Debug|Any CPU.Build.0 = Debug|Any CPU
		{76D9A482-69EF-4F1B-9570-28B2EAB72524}.Release|Any CPU.ActiveCfg = Release|Any CPU
		{76D9A482-69EF-4F1B-9570-28B2EAB72524}.Release|Any CPU.Build.0 = Release|Any CPU
		{B82619B4-252D-4B16-B158-6AACF664AAAB}.Debug|Any CPU.ActiveCfg = Debug|Any CPU
		{B82619B4-252D-4B16-B158-6AACF664AAAB}.Debug|Any CPU.Build.0 = Debug|Any CPU
		{B82619B4-252D-4B16-B158-6AACF664AAAB}.Release|Any CPU.ActiveCfg = Release|Any CPU
		{B82619B4-252D-4B16-B158-6AACF664AAAB}.Release|Any CPU.Build.0 = Release|Any CPU
		{80979C0F-6C6B-49D2-8FE7-DDE906E64403}.Debug|Any CPU.ActiveCfg = Debug|Any CPU
		{80979C0F-6C6B-49D2-8FE7-DDE906E64403}.Debug|Any CPU.Build.0 = Debug|Any CPU
		{80979C0F-6C6B-49D2-8FE7-DDE906E64403}.Release|Any CPU.ActiveCfg = Release|Any CPU
		{80979C0F-6C6B-49D2-8FE7-DDE906E64403}.Release|Any CPU.Build.0 = Release|Any CPU
		{13B642A2-4EEE-4030-BDEF-A76491C53845}.Debug|Any CPU.ActiveCfg = Debug|Any CPU
		{13B642A2-4EEE-4030-BDEF-A76491C53845}.Debug|Any CPU.Build.0 = Debug|Any CPU
		{13B642A2-4EEE-4030-BDEF-A76491C53845}.Release|Any CPU.ActiveCfg = Release|Any CPU
		{13B642A2-4EEE-4030-BDEF-A76491C53845}.Release|Any CPU.Build.0 = Release|Any CPU
		{B578FA5C-B86F-427D-8583-A90DB18B4A7E}.Debug|Any CPU.ActiveCfg = Debug|Any CPU
		{B578FA5C-B86F-427D-8583-A90DB18B4A7E}.Debug|Any CPU.Build.0 = Debug|Any CPU
		{B578FA5C-B86F-427D-8583-A90DB18B4A7E}.Release|Any CPU.ActiveCfg = Release|Any CPU
		{B578FA5C-B86F-427D-8583-A90DB18B4A7E}.Release|Any CPU.Build.0 = Release|Any CPU
		{944D5A94-65B6-4311-B99B-580FD143057F}.Debug|Any CPU.ActiveCfg = Debug|Any CPU
		{944D5A94-65B6-4311-B99B-580FD143057F}.Debug|Any CPU.Build.0 = Debug|Any CPU
		{944D5A94-65B6-4311-B99B-580FD143057F}.Release|Any CPU.ActiveCfg = Release|Any CPU
		{944D5A94-65B6-4311-B99B-580FD143057F}.Release|Any CPU.Build.0 = Release|Any CPU
		{AEFB2DE0-7438-42CF-B299-10CBA9C776B6}.Debug|Any CPU.ActiveCfg = Debug|Any CPU
		{AEFB2DE0-7438-42CF-B299-10CBA9C776B6}.Debug|Any CPU.Build.0 = Debug|Any CPU
		{AEFB2DE0-7438-42CF-B299-10CBA9C776B6}.Release|Any CPU.ActiveCfg = Release|Any CPU
		{AEFB2DE0-7438-42CF-B299-10CBA9C776B6}.Release|Any CPU.Build.0 = Release|Any CPU
		{35FA0D5C-C277-4AA4-BACD-06520F940DC7}.Debug|Any CPU.ActiveCfg = Debug|Any CPU
		{35FA0D5C-C277-4AA4-BACD-06520F940DC7}.Debug|Any CPU.Build.0 = Debug|Any CPU
		{35FA0D5C-C277-4AA4-BACD-06520F940DC7}.Release|Any CPU.ActiveCfg = Release|Any CPU
		{35FA0D5C-C277-4AA4-BACD-06520F940DC7}.Release|Any CPU.Build.0 = Release|Any CPU
		{136BF9C2-8288-4831-AD2C-ABCB3943EC68}.Debug|Any CPU.ActiveCfg = Debug|Any CPU
		{136BF9C2-8288-4831-AD2C-ABCB3943EC68}.Debug|Any CPU.Build.0 = Debug|Any CPU
		{136BF9C2-8288-4831-AD2C-ABCB3943EC68}.Release|Any CPU.ActiveCfg = Release|Any CPU
		{136BF9C2-8288-4831-AD2C-ABCB3943EC68}.Release|Any CPU.Build.0 = Release|Any CPU
		{C480A53C-866E-4D83-B98A-F6538C0EA0D0}.Debug|Any CPU.ActiveCfg = Debug|Any CPU
		{C480A53C-866E-4D83-B98A-F6538C0EA0D0}.Debug|Any CPU.Build.0 = Debug|Any CPU
		{C480A53C-866E-4D83-B98A-F6538C0EA0D0}.Release|Any CPU.ActiveCfg = Release|Any CPU
		{C480A53C-866E-4D83-B98A-F6538C0EA0D0}.Release|Any CPU.Build.0 = Release|Any CPU
	EndGlobalSection
	GlobalSection(SolutionProperties) = preSolution
		HideSolutionNode = FALSE
	EndGlobalSection
	GlobalSection(NestedProjects) = preSolution
		{04919D26-FA89-4D79-80D0-65FB05FB859E} = {6ACFEB80-DBD8-4835-B62C-497845D68E88}
		{8522C6FE-1A1E-4CD6-8304-FB229BB2B67D} = {6ACFEB80-DBD8-4835-B62C-497845D68E88}
		{76D9A482-69EF-4F1B-9570-28B2EAB72524} = {6ACFEB80-DBD8-4835-B62C-497845D68E88}
		{80979C0F-6C6B-49D2-8FE7-DDE906E64403} = {6ACFEB80-DBD8-4835-B62C-497845D68E88}
		{13B642A2-4EEE-4030-BDEF-A76491C53845} = {6ACFEB80-DBD8-4835-B62C-497845D68E88}
		{944D5A94-65B6-4311-B99B-580FD143057F} = {6ACFEB80-DBD8-4835-B62C-497845D68E88}
		{35FA0D5C-C277-4AA4-BACD-06520F940DC7} = {6ACFEB80-DBD8-4835-B62C-497845D68E88}
		{136BF9C2-8288-4831-AD2C-ABCB3943EC68} = {6ACFEB80-DBD8-4835-B62C-497845D68E88}
		{E6851928-DD55-4FEE-9F22-F7C23F8C2CCA} = {04919D26-FA89-4D79-80D0-65FB05FB859E}
		{F749C1D4-8906-4284-BD78-D2B2F5A405D9} = {04919D26-FA89-4D79-80D0-65FB05FB859E}
		{47F214FB-1B85-41AC-93DB-968FA26B7590} = {04919D26-FA89-4D79-80D0-65FB05FB859E}
		{02EE99E2-67BE-4C43-BB61-C11A736991BF} = {04919D26-FA89-4D79-80D0-65FB05FB859E}
		{C480A53C-866E-4D83-B98A-F6538C0EA0D0} = {04919D26-FA89-4D79-80D0-65FB05FB859E}
		{8E8351A8-BAE5-4A70-8AA4-6508CA5EB250} = {8522C6FE-1A1E-4CD6-8304-FB229BB2B67D}
		{B82619B4-252D-4B16-B158-6AACF664AAAB} = {8522C6FE-1A1E-4CD6-8304-FB229BB2B67D}
		{AEFB2DE0-7438-42CF-B299-10CBA9C776B6} = {8522C6FE-1A1E-4CD6-8304-FB229BB2B67D}
	EndGlobalSection
EndGlobal
